PODS:
  - SDWebImage (5.15.0):
    - SDWebImage/Core (= 5.15.0)
  - SDWebImage/Core (5.15.0)

DEPENDENCIES:
  - SDWebImage (~> 5.0)

SPEC REPOS:
  trunk:
    - SDWebImage

SPEC CHECKSUMS:
  SDWebImage: 9bec4c5cdd9579e1f57104735ee0c37df274d593

PODFILE CHECKSUM: 813f208ab4cbfa3e73cb993b4ffcf469e93f2b3a

COCOAPODS: 1.11.2
